
Microsoft Visual Studio Solution File, Format Version 12.00
# Visual Studio 14
VisualStudioVersion = 14.0.25420.1
MinimumVisualStudioVersion = 10.0.40219.1
Project("{E24C65DC-7377-472B-9ABA-BC803B73C61A}") = "DPacifico", "..\..\WebSites\DPacifico\", "{F121ACA6-6867-460B-AD9D-665ACBE005FB}"
	ProjectSection(WebsiteProperties) = preProject
		TargetFrameworkMoniker = ".NETFramework,Version%3Dv4.5.2"
		Debug.AspNetCompiler.VirtualPath = "/localhost_50578"
		Debug.AspNetCompiler.PhysicalPath = "..\..\WebSites\DPacifico\"
		Debug.AspNetCompiler.TargetPath = "PrecompiledWeb\localhost_50578\"
		Debug.AspNetCompiler.Updateable = "true"
		Debug.AspNetCompiler.ForceOverwrite = "true"
		Debug.AspNetCompiler.FixedNames = "false"
		Debug.AspNetCompiler.Debug = "True"
		Release.AspNetCompiler.VirtualPath = "/localhost_50578"
		Release.AspNetCompiler.PhysicalPath = "..\..\WebSites\DPacifico\"
		Release.AspNetCompiler.TargetPath = "PrecompiledWeb\localhost_50578\"
		Release.AspNetCompiler.Updateable = "true"
		Release.AspNetCompiler.ForceOverwrite = "true"
		Release.AspNetCompiler.FixedNames = "false"
		Release.AspNetCompiler.Debug = "False"
		VWDPort = "50578"
		SlnRelativePath = "..\..\WebSites\DPacifico\"
		DefaultWebSiteLanguage = "Visual C#"
	EndProjectSection
EndProject
Global
	GlobalSection(SolutionConfigurationPlatforms) = preSolution
		Debug|Any CPU = Debug|Any CPU
	EndGlobalSection
	GlobalSection(ProjectConfigurationPlatforms) = postSolution
		{F121ACA6-6867-460B-AD9D-665ACBE005FB}.Debug|Any CPU.ActiveCfg = Debug|Any CPU
		{F121ACA6-6867-460B-AD9D-665ACBE005FB}.Debug|Any CPU.Build.0 = Debug|Any CPU
	EndGlobalSection
	GlobalSection(SolutionProperties) = preSolution
		HideSolutionNode = FALSE
	EndGlobalSection
EndGlobal
